
Microsoft Visual Studio Solution File, Format Version 12.00
# Visual Studio Version 17
VisualStudioVersion = 17.5.33530.505
MinimumVisualStudioVersion = 10.0.40219.1
Project("{FAE04EC0-301F-11D3-BF4B-00C04F79EFBC}") = "BZU regestration API", "BZU regestration API\BZU regestration API.csproj", "{0123EC33-0D70-492D-9F25-FB3954DB6A51}"
EndProject
Global
	GlobalSection(SolutionConfigurationPlatforms) = preSolution
		Debug|Any CPU = Debug|Any CPU
		Release|Any CPU = Release|Any CPU
	EndGlobalSection
	GlobalSection(ProjectConfigurationPlatforms) = postSolution
		{0123EC33-0D70-492D-9F25-FB3954DB6A51}.Debug|Any CPU.ActiveCfg = Debug|Any CPU
		{0123EC33-0D70-492D-9F25-FB3954DB6A51}.Debug|Any CPU.Build.0 = Debug|Any CPU
		{0123EC33-0D70-492D-9F25-FB3954DB6A51}.Release|Any CPU.ActiveCfg = Release|Any CPU
		{0123EC33-0D70-492D-9F25-FB3954DB6A51}.Release|Any CPU.Build.0 = Release|Any CPU
	EndGlobalSection
	GlobalSection(SolutionProperties) = preSolution
		HideSolutionNode = FALSE
	EndGlobalSection
	GlobalSection(ExtensibilityGlobals) = postSolution
		SolutionGuid = {0888B934-3F1F-4157-91DC-7CC26FBB307E}
	EndGlobalSection
EndGlobal
